
Microsoft Visual Studio Solution File, Format Version 12.00
# Visual Studio Version 16
VisualStudioVersion = 16.0.31515.178
MinimumVisualStudioVersion = 10.0.40219.1
Project("{9A19103F-16F7-4668-BE54-9A1E7A4F7556}") = "CryptoHelpers", "CryptoHelpers.csproj", "{C0A28E45-5A91-41DF-8B86-79E70F2CED8D}"
EndProject
Global
	GlobalSection(SolutionConfigurationPlatforms) = preSolution
		Debug|Any CPU = Debug|Any CPU
		Release|Any CPU = Release|Any CPU
	EndGlobalSection
	GlobalSection(ProjectConfigurationPlatforms) = postSolution
		{C0A28E45-5A91-41DF-8B86-79E70F2CED8D}.Debug|Any CPU.ActiveCfg = Debug|Any CPU
		{C0A28E45-5A91-41DF-8B86-79E70F2CED8D}.Debug|Any CPU.Build.0 = Debug|Any CPU
		{C0A28E45-5A91-41DF-8B86-79E70F2CED8D}.Release|Any CPU.ActiveCfg = Release|Any CPU
		{C0A28E45-5A91-41DF-8B86-79E70F2CED8D}.Release|Any CPU.Build.0 = Release|Any CPU
	EndGlobalSection
	GlobalSection(SolutionProperties) = preSolution
		HideSolutionNode = FALSE
	EndGlobalSection
	GlobalSection(ExtensibilityGlobals) = postSolution
		SolutionGuid = {138CA29C-CF9A-4283-884C-AF0CEE55FF69}
	EndGlobalSection
EndGlobal
